
Microsoft Visual Studio Solution File, Format Version 12.00
# Visual Studio 15
VisualStudioVersion = 15.0.28010.2003
MinimumVisualStudioVersion = 10.0.40219.1
Project("{FAE04EC0-301F-11D3-BF4B-00C04F79EFBC}") = "Proj3", "Proj3\Proj3.csproj", "{EF40BC67-CC8B-4799-AFCB-EF89C7ACCF55}"
EndProject
Global
	GlobalSection(SolutionConfigurationPlatforms) = preSolution
		Debug|Any CPU = Debug|Any CPU
		Release|Any CPU = Release|Any CPU
	EndGlobalSection
	GlobalSection(ProjectConfigurationPlatforms) = postSolution
		{EF40BC67-CC8B-4799-AFCB-EF89C7ACCF55}.Debug|Any CPU.ActiveCfg = Debug|Any CPU
		{EF40BC67-CC8B-4799-AFCB-EF89C7ACCF55}.Debug|Any CPU.Build.0 = Debug|Any CPU
		{EF40BC67-CC8B-4799-AFCB-EF89C7ACCF55}.Release|Any CPU.ActiveCfg = Release|Any CPU
		{EF40BC67-CC8B-4799-AFCB-EF89C7ACCF55}.Release|Any CPU.Build.0 = Release|Any CPU
	EndGlobalSection
	GlobalSection(SolutionProperties) = preSolution
		HideSolutionNode = FALSE
	EndGlobalSection
	GlobalSection(ExtensibilityGlobals) = postSolution
		SolutionGuid = {C576D0FA-8C64-4F4A-9B93-5A819B2260AA}
	EndGlobalSection
EndGlobal
